// !$*UTF8*$!
{
	archiveVersion = 1;
	classes = {
	};
	objectVersion = 56;
	objects = {

/* Begin PBXBuildFile section */
		792737F12C03722600443354 /* AppDelegate.swift in Sources */ = {isa = PBXBuildFile; fileRef = 792737F02C03722600443354 /* AppDelegate.swift */; };
		792737F32C03722600443354 /* SceneDelegate.swift in Sources */ = {isa = PBXBuildFile; fileRef = 792737F22C03722600443354 /* SceneDelegate.swift */; };
		792737F52C03722600443354 /* ViewController.swift in Sources */ = {isa = PBXBuildFile; fileRef = 792737F42C03722600443354 /* ViewController.swift */; };
		792737F82C03722600443354 /* Base in Resources */ = {isa = PBXBuildFile; fileRef = 792737F72C03722600443354 /* Base */; };
		792737FA2C03722900443354 /* Assets.xcassets in Resources */ = {isa = PBXBuildFile; fileRef = 792737F92C03722900443354 /* Assets.xcassets */; };
		792737FD2C03722900443354 /* Base in Resources */ = {isa = PBXBuildFile; fileRef = 792737FC2C03722900443354 /* Base */; };
		792738052C06E1CB00443354 /* NovelViewController.swift in Sources */ = {isa = PBXBuildFile; fileRef = 792738042C06E1CB00443354 /* NovelViewController.swift */; };
		792738072C06E1FC00443354 /* Novel.swift in Sources */ = {isa = PBXBuildFile; fileRef = 792738062C06E1FC00443354 /* Novel.swift */; };
		792738092C06E23D00443354 /* NovelStorage.swift in Sources */ = {isa = PBXBuildFile; fileRef = 792738082C06E23D00443354 /* NovelStorage.swift */; };
		7927380B2C06E97400443354 /* PromptViewController.swift in Sources */ = {isa = PBXBuildFile; fileRef = 7927380A2C06E97400443354 /* PromptViewController.swift */; };
		7927380D2C06F7A200443354 /* WritingViewController.swift in Sources */ = {isa = PBXBuildFile; fileRef = 7927380C2C06F7A200443354 /* WritingViewController.swift */; };
		7927380F2C08083A00443354 /* DetailViewController.swift in Sources */ = {isa = PBXBuildFile; fileRef = 7927380E2C08083900443354 /* DetailViewController.swift */; };
		792F97C92C0C4FD70000A7EE /* EditNovelViewController.swift in Sources */ = {isa = PBXBuildFile; fileRef = 792F97C82C0C4FD70000A7EE /* EditNovelViewController.swift */; };
/* End PBXBuildFile section */

/* Begin PBXFileReference section */
		792737ED2C03722600443354 /* Tanpen.app */ = {isa = PBXFileReference; explicitFileType = wrapper.application; includeInIndex = 0; path = Tanpen.app; sourceTree = BUILT_PRODUCTS_DIR; };
		792737F02C03722600443354 /* AppDelegate.swift */ = {isa = PBXFileReference; lastKnownFileType = sourcecode.swift; path = AppDelegate.swift; sourceTree = "<group>"; };
		792737F22C03722600443354 /* SceneDelegate.swift */ = {isa = PBXFileReference; lastKnownFileType = sourcecode.swift; path = SceneDelegate.swift; sourceTree = "<group>"; };
		792737F42C03722600443354 /* ViewController.swift */ = {isa = PBXFileReference; lastKnownFileType = sourcecode.swift; path = ViewController.swift; sourceTree = "<group>"; };
		792737F72C03722600443354 /* Base */ = {isa = PBXFileReference; lastKnownFileType = file.storyboard; name = Base; path = Base.lproj/Main.storyboard; sourceTree = "<group>"; };
		792737F92C03722900443354 /* Assets.xcassets */ = {isa = PBXFileReference; lastKnownFileType = folder.assetcatalog; path = Assets.xcassets; sourceTree = "<group>"; };
		792737FC2C03722900443354 /* Base */ = {isa = PBXFileReference; lastKnownFileType = file.storyboard; name = Base; path = Base.lproj/LaunchScreen.storyboard; sourceTree = "<group>"; };
		792737FE2C03722900443354 /* Info.plist */ = {isa = PBXFileReference; lastKnownFileType = text.plist.xml; path = Info.plist; sourceTree = "<group>"; };
		792738042C06E1CB00443354 /* NovelViewController.swift */ = {isa = PBXFileReference; lastKnownFileType = sourcecode.swift; path = NovelViewController.swift; sourceTree = "<group>"; };
		792738062C06E1FC00443354 /* Novel.swift */ = {isa = PBXFileReference; lastKnownFileType = sourcecode.swift; path = Novel.swift; sourceTree = "<group>"; };
		792738082C06E23D00443354 /* NovelStorage.swift */ = {isa = PBXFileReference; lastKnownFileType = sourcecode.swift; path = NovelStorage.swift; sourceTree = "<group>"; };
		7927380A2C06E97400443354 /* PromptViewController.swift */ = {isa = PBXFileReference; lastKnownFileType = sourcecode.swift; path = PromptViewController.swift; sourceTree = "<group>"; };
		7927380C2C06F7A200443354 /* WritingViewController.swift */ = {isa = PBXFileReference; lastKnownFileType = sourcecode.swift; path = WritingViewController.swift; sourceTree = "<group>"; };
		7927380E2C08083900443354 /* DetailViewController.swift */ = {isa = PBXFileReference; lastKnownFileType = sourcecode.swift; path = DetailViewController.swift; sourceTree = "<group>"; };
		792F97C82C0C4FD70000A7EE /* EditNovelViewController.swift */ = {isa = PBXFileReference; lastKnownFileType = sourcecode.swift; path = EditNovelViewController.swift; sourceTree = "<group>"; };
/* End PBXFileReference section */

/* Begin PBXFrameworksBuildPhase section */
		792737EA2C03722600443354 /* Frameworks */ = {
			isa = PBXFrameworksBuildPhase;
			buildActionMask = 2147483647;
			files = (
			);
			runOnlyForDeploymentPostprocessing = 0;
		};
/* End PBXFrameworksBuildPhase section */

/* Begin PBXGroup section */
		792737E42C03722600443354 = {
			isa = PBXGroup;
			children = (
				792737EF2C03722600443354 /* Tanpen */,
				792737EE2C03722600443354 /* Products */,
			);
			sourceTree = "<group>";
		};
		792737EE2C03722600443354 /* Products */ = {
			isa = PBXGroup;
			children = (
				792737ED2C03722600443354 /* Tanpen.app */,
			);
			name = Products;
			sourceTree = "<group>";
		};
		792737EF2C03722600443354 /* Tanpen */ = {
			isa = PBXGroup;
			children = (
				792737F02C03722600443354 /* AppDelegate.swift */,
				792737F22C03722600443354 /* SceneDelegate.swift */,
				792737F42C03722600443354 /* ViewController.swift */,
				792737F62C03722600443354 /* Main.storyboard */,
				792738062C06E1FC00443354 /* Novel.swift */,
				792738082C06E23D00443354 /* NovelStorage.swift */,
				792738042C06E1CB00443354 /* NovelViewController.swift */,
				7927380A2C06E97400443354 /* PromptViewController.swift */,
				7927380C2C06F7A200443354 /* WritingViewController.swift */,
				7927380E2C08083900443354 /* DetailViewController.swift */,
				792F97C82C0C4FD70000A7EE /* EditNovelViewController.swift */,
				792737F92C03722900443354 /* Assets.xcassets */,
				792737FB2C03722900443354 /* LaunchScreen.storyboard */,
				792737FE2C03722900443354 /* Info.plist */,
			);
			path = Tanpen;
			sourceTree = "<group>";
		};
/* End PBXGroup section */

/* Begin PBXNativeTarget section */
		792737EC2C03722600443354 /* Tanpen */ = {
			isa = PBXNativeTarget;
			buildConfigurationList = 792738012C03722900443354 /* Build configuration list for PBXNativeTarget "Tanpen" */;
			buildPhases = (
				792737E92C03722600443354 /* Sources */,
				792737EA2C03722600443354 /* Frameworks */,
				792737EB2C03722600443354 /* Resources */,
			);
			buildRules = (
			);
			dependencies = (
			);
			name = Tanpen;
			productName = Tanpen;
			productReference = 792737ED2C03722600443354 /* Tanpen.app */;
			productType = "com.apple.product-type.application";
		};
/* End PBXNativeTarget section */

/* Begin PBXProject section */
		792737E52C03722600443354 /* Project object */ = {
			isa = PBXProject;
			attributes = {
				BuildIndependentTargetsInParallel = 1;
				LastSwiftUpdateCheck = 1540;
				LastUpgradeCheck = 1540;
				TargetAttributes = {
					792737EC2C03722600443354 = {
						CreatedOnToolsVersion = 15.4;
					};
				};
			};
			buildConfigurationList = 792737E82C03722600443354 /* Build configuration list for PBXProject "Tanpen" */;
			compatibilityVersion = "Xcode 14.0";
			developmentRegion = en;
			hasScannedForEncodings = 0;
			knownRegions = (
				en,
				Base,
			);
			mainGroup = 792737E42C03722600443354;
			productRefGroup = 792737EE2C03722600443354 /* Products */;
			projectDirPath = "";
			projectRoot = "";
			targets = (
				792737EC2C03722600443354 /* Tanpen */,
			);
		};
/* End PBXProject section */

/* Begin PBXResourcesBuildPhase section */
		792737EB2C03722600443354 /* Resources */ = {
			isa = PBXResourcesBuildPhase;
			buildActionMask = 2147483647;
			files = (
				792737FA2C03722900443354 /* Assets.xcassets in Resources */,
				792737FD2C03722900443354 /* Base in Resources */,
				792737F82C03722600443354 /* Base in Resources */,
			);
			runOnlyForDeploymentPostprocessing = 0;
		};
/* End PBXResourcesBuildPhase section */

/* Begin PBXSourcesBuildPhase section */
		792737E92C03722600443354 /* Sources */ = {
			isa = PBXSourcesBuildPhase;
			buildActionMask = 2147483647;
			files = (
				7927380F2C08083A00443354 /* DetailViewController.swift in Sources */,
				792F97C92C0C4FD70000A7EE /* EditNovelViewController.swift in Sources */,
				792738092C06E23D00443354 /* NovelStorage.swift in Sources */,
				7927380D2C06F7A200443354 /* WritingViewController.swift in Sources */,
				792737F52C03722600443354 /* ViewController.swift in Sources */,
				792737F12C03722600443354 /* AppDelegate.swift in Sources */,
				792737F32C03722600443354 /* SceneDelegate.swift in Sources */,
				792738052C06E1CB00443354 /* NovelViewController.swift in Sources */,
				7927380B2C06E97400443354 /* PromptViewController.swift in Sources */,
				792738072C06E1FC00443354 /* Novel.swift in Sources */,
			);
			runOnlyForDeploymentPostprocessing = 0;
		};
/* End PBXSourcesBuildPhase section */

/* Begin PBXVariantGroup section */
		792737F62C03722600443354 /* Main.storyboard */ = {
			isa = PBXVariantGroup;
			children = (
				792737F72C03722600443354 /* Base */,
			);
			name = Main.storyboard;
			sourceTree = "<group>";
		};
		792737FB2C03722900443354 /* LaunchScreen.storyboard */ = {
			isa = PBXVariantGroup;
			children = (
				792737FC2C03722900443354 /* Base */,
			);
			name = LaunchScreen.storyboard;
			sourceTree = "<group>";
		};
/* End PBXVariantGroup section */

/* Begin XCBuildConfiguration section */
		792737FF2C03722900443354 /* Debug */ = {
			isa = XCBuildConfiguration;
			buildSettings = {
				ALWAYS_SEARCH_USER_PATHS = NO;
				ASSETCATALOG_COMPILER_GENERATE_SWIFT_ASSET_SYMBOL_EXTENSIONS = YES;
				CLANG_ANALYZER_NONNULL = YES;
				CLANG_ANALYZER_NUMBER_OBJECT_CONVERSION = YES_AGGRESSIVE;
				CLANG_CXX_LANGUAGE_STANDARD = "gnu++20";
				CLANG_ENABLE_MODULES = YES;
				CLANG_ENABLE_OBJC_ARC = YES;
				CLANG_ENABLE_OBJC_WEAK = YES;
				CLANG_WARN_BLOCK_CAPTURE_AUTORELEASING = YES;
				CLANG_WARN_BOOL_CONVERSION = YES;
				CLANG_WARN_COMMA = YES;
				CLANG_WARN_CONSTANT_CONVERSION = YES;
				CLANG_WARN_DEPRECATED_OBJC_IMPLEMENTATIONS = YES;
				CLANG_WARN_DIRECT_OBJC_ISA_USAGE = YES_ERROR;
				CLANG_WARN_DOCUMENTATION_COMMENTS = YES;
				CLANG_WARN_EMPTY_BODY = YES;
				CLANG_WARN_ENUM_CONVERSION = YES;
				CLANG_WARN_INFINITE_RECURSION = YES;
				CLANG_WARN_INT_CONVERSION = YES;
				CLANG_WARN_NON_LITERAL_NULL_CONVERSION = YES;
				CLANG_WARN_OBJC_IMPLICIT_RETAIN_SELF = YES;
				CLANG_WARN_OBJC_LITERAL_CONVERSION = YES;
				CLANG_WARN_OBJC_ROOT_CLASS = YES_ERROR;
				CLANG_WARN_QUOTED_INCLUDE_IN_FRAMEWORK_HEADER = YES;
				CLANG_WARN_RANGE_LOOP_ANALYSIS = YES;
				CLANG_WARN_STRICT_PROTOTYPES = YES;
				CLANG_WARN_SUSPICIOUS_MOVE = YES;
				CLANG_WARN_UNGUARDED_AVAILABILITY = YES_AGGRESSIVE;
				CLANG_WARN_UNREACHABLE_CODE = YES;
				CLANG_WARN__DUPLICATE_METHOD_MATCH = YES;
				COPY_PHASE_STRIP = NO;
				DEBUG_INFORMATION_FORMAT = dwarf;
				ENABLE_STRICT_OBJC_MSGSEND = YES;
				ENABLE_TESTABILITY = YES;
				ENABLE_USER_SCRIPT_SANDBOXING = YES;
				GCC_C_LANGUAGE_STANDARD = gnu17;
				GCC_DYNAMIC_NO_PIC = NO;
				GCC_NO_COMMON_BLOCKS = YES;
				GCC_OPTIMIZATION_LEVEL = 0;
				GCC_PREPROCESSOR_DEFINITIONS = (
					"DEBUG=1",
					"$(inherited)",
				);
				GCC_WARN_64_TO_32_BIT_CONVERSION = YES;
				GCC_WARN_ABOUT_RETURN_TYPE = YES_ERROR;
				GCC_WARN_UNDECLARED_SELECTOR = YES;
				GCC_WARN_UNINITIALIZED_AUTOS = YES_AGGRESSIVE;
				GCC_WARN_UNUSED_FUNCTION = YES;
				GCC_WARN_UNUSED_VARIABLE = YES;
				IPHONEOS_DEPLOYMENT_TARGET = 17.5;
				LOCALIZATION_PREFERS_STRING_CATALOGS = YES;
				MTL_ENABLE_DEBUG_INFO = INCLUDE_SOURCE;
				MTL_FAST_MATH = YES;
				ONLY_ACTIVE_ARCH = YES;
				SDKROOT = iphoneos;
				SWIFT_ACTIVE_COMPILATION_CONDITIONS = "DEBUG $(inherited)";
				SWIFT_OPTIMIZATION_LEVEL = "-Onone";
			};
			name = Debug;
		};
		792738002C03722900443354 /* Release */ = {
			isa = XCBuildConfiguration;
			buildSettings = {
				ALWAYS_SEARCH_USER_PATHS = NO;
				ASSETCATALOG_COMPILER_GENERATE_SWIFT_ASSET_SYMBOL_EXTENSIONS = YES;
				CLANG_ANALYZER_NONNULL = YES;
				CLANG_ANALYZER_NUMBER_OBJECT_CONVERSION = YES_AGGRESSIVE;
				CLANG_CXX_LANGUAGE_STANDARD = "gnu++20";
				CLANG_ENABLE_MODULES = YES;
				CLANG_ENABLE_OBJC_ARC = YES;
				CLANG_ENABLE_OBJC_WEAK = YES;
				CLANG_WARN_BLOCK_CAPTURE_AUTORELEASING = YES;
				CLANG_WARN_BOOL_CONVERSION = YES;
				CLANG_WARN_COMMA = YES;
				CLANG_WARN_CONSTANT_CONVERSION = YES;
				CLANG_WARN_DEPRECATED_OBJC_IMPLEMENTATIONS = YES;
				CLANG_WARN_DIRECT_OBJC_ISA_USAGE = YES_ERROR;
				CLANG_WARN_DOCUMENTATION_COMMENTS = YES;
				CLANG_WARN_EMPTY_BODY = YES;
				CLANG_WARN_ENUM_CONVERSION = YES;
				CLANG_WARN_INFINITE_RECURSION = YES;
				CLANG_WARN_INT_CONVERSION = YES;
				CLANG_WARN_NON_LITERAL_NULL_CONVERSION = YES;
				CLANG_WARN_OBJC_IMPLICIT_RETAIN_SELF = YES;
				CLANG_WARN_OBJC_LITERAL_CONVERSION = YES;
				CLANG_WARN_OBJC_ROOT_CLASS = YES_ERROR;
				CLANG_WARN_QUOTED_INCLUDE_IN_FRAMEWORK_HEADER = YES;
				CLANG_WARN_RANGE_LOOP_ANALYSIS = YES;
				CLANG_WARN_STRICT_PROTOTYPES = YES;
				CLANG_WARN_SUSPICIOUS_MOVE = YES;
				CLANG_WARN_UNGUARDED_AVAILABILITY = YES_AGGRESSIVE;
				CLANG_WARN_UNREACHABLE_CODE = YES;
				CLANG_WARN__DUPLICATE_METHOD_MATCH = YES;
				COPY_PHASE_STRIP = NO;
				DEBUG_INFORMATION_FORMAT = "dwarf-with-dsym";
				ENABLE_NS_ASSERTIONS = NO;
				ENABLE_STRICT_OBJC_MSGSEND = YES;
				ENABLE_USER_SCRIPT_SANDBOXING = YES;
				GCC_C_LANGUAGE_STANDARD = gnu17;
				GCC_NO_COMMON_BLOCKS = YES;
				GCC_WARN_64_TO_32_BIT_CONVERSION = YES;
				GCC_WARN_ABOUT_RETURN_TYPE = YES_ERROR;
				GCC_WARN_UNDECLARED_SELECTOR = YES;
				GCC_WARN_UNINITIALIZED_AUTOS = YES_AGGRESSIVE;
				GCC_WARN_UNUSED_FUNCTION = YES;
				GCC_WARN_UNUSED_VARIABLE = YES;
				IPHONEOS_DEPLOYMENT_TARGET = 17.5;
				LOCALIZATION_PREFERS_STRING_CATALOGS = YES;
				MTL_ENABLE_DEBUG_INFO = NO;
				MTL_FAST_MATH = YES;
				SDKROOT = iphoneos;
				SWIFT_COMPILATION_MODE = wholemodule;
				VALIDATE_PRODUCT = YES;
			};
			name = Release;
		};
		792738022C03722900443354 /* Debug */ = {
			isa = XCBuildConfiguration;
			buildSettings = {
				ASSETCATALOG_COMPILER_APPICON_NAME = AppIcon;
				ASSETCATALOG_COMPILER_GLOBAL_ACCENT_COLOR_NAME = AccentColor;
				CODE_SIGN_STYLE = Automatic;
				CURRENT_PROJECT_VERSION = 1;
				DEVELOPMENT_TEAM = SGFUJGARJ7;
				GENERATE_INFOPLIST_FILE = YES;
				INFOPLIST_FILE = Tanpen/Info.plist;
				INFOPLIST_KEY_UIApplicationSupportsIndirectInputEvents = YES;
				INFOPLIST_KEY_UILaunchStoryboardName = LaunchScreen;
				INFOPLIST_KEY_UIMainStoryboardFile = Main;
				INFOPLIST_KEY_UISupportedInterfaceOrientations_iPad = "UIInterfaceOrientationPortrait UIInterfaceOrientationPortraitUpsideDown UIInterfaceOrientationLandscapeLeft UIInterfaceOrientationLandscapeRight";
				INFOPLIST_KEY_UISupportedInterfaceOrientations_iPhone = "UIInterfaceOrientationPortrait UIInterfaceOrientationLandscapeLeft UIInterfaceOrientationLandscapeRight";
				LD_RUNPATH_SEARCH_PATHS = (
					"$(inherited)",
					"@executable_path/Frameworks",
				);
				MARKETING_VERSION = 1.0;
				PRODUCT_BUNDLE_IDENTIFIER = app.matsushita.paruthian.Tanpen;
				PRODUCT_NAME = "$(TARGET_NAME)";
				SWIFT_EMIT_LOC_STRINGS = YES;
				SWIFT_VERSION = 5.0;
				TARGETED_DEVICE_FAMILY = "1,2";
			};
			name = Debug;
		};
		792738032C03722900443354 /* Release */ = {
			isa = XCBuildConfiguration;
			buildSettings = {
				ASSETCATALOG_COMPILER_APPICON_NAME = AppIcon;
				ASSETCATALOG_COMPILER_GLOBAL_ACCENT_COLOR_NAME = AccentColor;
				CODE_SIGN_STYLE = Automatic;
				CURRENT_PROJECT_VERSION = 1;
				DEVELOPMENT_TEAM = SGFUJGARJ7;
				GENERATE_INFOPLIST_FILE = YES;
				INFOPLIST_FILE = Tanpen/Info.plist;
				INFOPLIST_KEY_UIApplicationSupportsIndirectInputEvents = YES;
				INFOPLIST_KEY_UILaunchStoryboardName = LaunchScreen;
				INFOPLIST_KEY_UIMainStoryboardFile = Main;
				INFOPLIST_KEY_UISupportedInterfaceOrientations_iPad = "UIInterfaceOrientationPortrait UIInterfaceOrientationPortraitUpsideDown UIInterfaceOrientationLandscapeLeft UIInterfaceOrientationLandscapeRight";
				INFOPLIST_KEY_UISupportedInterfaceOrientations_iPhone = "UIInterfaceOrientationPortrait UIInterfaceOrientationLandscapeLeft UIInterfaceOrientationLandscapeRight";
				LD_RUNPATH_SEARCH_PATHS = (
					"$(inherited)",
					"@executable_path/Frameworks",
				);
				MARKETING_VERSION = 1.0;
				PRODUCT_BUNDLE_IDENTIFIER = app.matsushita.paruthian.Tanpen;
				PRODUCT_NAME = "$(TARGET_NAME)";
				SWIFT_EMIT_LOC_STRINGS = YES;
				SWIFT_VERSION = 5.0;
				TARGETED_DEVICE_FAMILY = "1,2";
			};
			name = Release;
		};
/* End XCBuildConfiguration section */

/* Begin XCConfigurationList section */
		792737E82C03722600443354 /* Build configuration list for PBXProject "Tanpen" */ = {
			isa = XCConfigurationList;
			buildConfigurations = (
				792737FF2C03722900443354 /* Debug */,
				792738002C03722900443354 /* Release */,
			);
			defaultConfigurationIsVisible = 0;
			defaultConfigurationName = Release;
		};
		792738012C03722900443354 /* Build configuration list for PBXNativeTarget "Tanpen" */ = {
			isa = XCConfigurationList;
			buildConfigurations = (
				792738022C03722900443354 /* Debug */,
				792738032C03722900443354 /* Release */,
			);
			defaultConfigurationIsVisible = 0;
			defaultConfigurationName = Release;
		};
/* End XCConfigurationList section */
	};
	rootObject = 792737E52C03722600443354 /* Project object */;
}
